
Microsoft Visual Studio Solution File, Format Version 12.00
# Visual Studio Version 17
VisualStudioVersion = 17.3.32825.248
MinimumVisualStudioVersion = 10.0.40219.1
Project("{FAE04EC0-301F-11D3-BF4B-00C04F79EFBC}") = "ToDoBackend", "ToDoBackend\ToDoBackend.csproj", "{3EA962CA-05A5-4D1D-8761-20C9A230BDFA}"
EndProject
Global
	GlobalSection(SolutionConfigurationPlatforms) = preSolution
		Debug|Any CPU = Debug|Any CPU
		Release|Any CPU = Release|Any CPU
	EndGlobalSection
	GlobalSection(ProjectConfigurationPlatforms) = postSolution
		{3EA962CA-05A5-4D1D-8761-20C9A230BDFA}.Debug|Any CPU.ActiveCfg = Debug|Any CPU
		{3EA962CA-05A5-4D1D-8761-20C9A230BDFA}.Debug|Any CPU.Build.0 = Debug|Any CPU
		{3EA962CA-05A5-4D1D-8761-20C9A230BDFA}.Release|Any CPU.ActiveCfg = Release|Any CPU
		{3EA962CA-05A5-4D1D-8761-20C9A230BDFA}.Release|Any CPU.Build.0 = Release|Any CPU
	EndGlobalSection
	GlobalSection(SolutionProperties) = preSolution
		HideSolutionNode = FALSE
	EndGlobalSection
	GlobalSection(ExtensibilityGlobals) = postSolution
		SolutionGuid = {D5FC647B-FA86-40D8-81C3-F13E23F67363}
	EndGlobalSection
EndGlobal
